dependencies:
- name: keycloak
  repository: https://charts.bitnami.com/bitnami
  version: 18.4.0
- name: contour
  repository: https://charts.bitnami.com/bitnami
  version: 15.5.2
- name: cert-manager
  repository: https://charts.jetstack.io
  version: v1.14.3
- name: postgresql
  repository: https://charts.bitnami.com/bitnami
  version: 13.4.4
- name: mariadb
  repository: https://charts.bitnami.com/bitnami
  version: 11.5.7
- name: prometheus
  repository: https://prometheus-community.github.io/helm-charts
  version: 25.13.0
- name: grafana
  repository: https://grafana.github.io/helm-charts
  version: 7.3.0
- name: loki
  repository: https://grafana.github.io/helm-charts
  version: 5.43.6
- name: promtail
  repository: https://grafana.github.io/helm-charts
  version: 6.15.5
- name: kimai2
  repository: https://robjuz.github.io/helm-charts
  version: 3.1.11
- name: openproject
  repository: https://charts.openproject.org
  version: 4.5.0
- name: wiki
  repository: https://charts.js.wiki
  version: 2.2.0
- name: planka
  repository: file://./planka
  version: 0.1.17
- name: plane-ce
  repository: https://helm.plane.so
  version: 1.0.11
digest: sha256:2cb996e9f3548e9930e10b1ec259dd4ed75629492af0f466e579538aad1b3d7c
generated: "2024-03-10T19:10:54.292242315-03:00"
