dependencies:
- name: keycloak
  repository: https://charts.bitnami.com/bitnami
  version: 18.4.0
- name: ingress-nginx
  repository: https://kubernetes.github.io/ingress-nginx
  version: 4.10.0
- name: cert-manager
  repository: https://charts.jetstack.io
  version: v1.14.3
- name: postgresql
  repository: https://charts.bitnami.com/bitnami
  version: 13.4.4
- name: mariadb
  repository: https://charts.bitnami.com/bitnami
  version: 11.5.7
- name: prometheus
  repository: https://prometheus-community.github.io/helm-charts
  version: 25.13.0
- name: grafana
  repository: https://grafana.github.io/helm-charts
  version: 7.3.0
- name: loki
  repository: https://grafana.github.io/helm-charts
  version: 5.43.6
- name: promtail
  repository: https://grafana.github.io/helm-charts
  version: 6.15.5
- name: kimai2
  repository: https://robjuz.github.io/helm-charts
  version: 3.1.11
- name: openproject
  repository: https://charts.openproject.org
  version: 4.5.0
- name: wiki
  repository: https://charts.js.wiki
  version: 2.2.0
- name: planka
  repository: file://./planka
  version: 0.1.17
- name: plane-ce
  repository: https://helm.plane.so
  version: 1.0.11
digest: sha256:4094a2abec16ac6dfa2b2fbad248a8b3a3d1b1aa0962c65ff6e23dd7faec4ad8
generated: "2024-03-14T13:57:41.834493615-03:00"
